// !$*UTF8*$!
{
	archiveVersion = 1;
	classes = {
	};
	objectVersion = 48;
	objects = {

/* Begin PBXBuildFile section */
		07A8FD96993711A9522850B7 /* libPods-HomeServiz.a in Frameworks */ = {isa = PBXBuildFile; fileRef = 158F7D59C71519ED0669CF9F /* libPods-HomeServiz.a */; };
		1529479DBF5E0F81E88585F9 /* libPods-HomeServizTests.a in Frameworks */ = {isa = PBXBuildFile; fileRef = 7018FE4F628ACD1ACEAB421E /* libPods-HomeServizTests.a */; };
		DC2EC7C32091BCB10076FFDF /* AppDelegate.m in Sources */ = {isa = PBXBuildFile; fileRef = DC2EC7C22091BCB10076FFDF /* AppDelegate.m */; };
		DC2EC7C62091BCB10076FFDF /* ViewController.m in Sources */ = {isa = PBXBuildFile; fileRef = DC2EC7C52091BCB10076FFDF /* ViewController.m */; };
		DC2EC7C92091BCB10076FFDF /* Main.storyboard in Resources */ = {isa = PBXBuildFile; fileRef = DC2EC7C72091BCB10076FFDF /* Main.storyboard */; };
		DC2EC7CB2091BCB10076FFDF /* Assets.xcassets in Resources */ = {isa = PBXBuildFile; fileRef = DC2EC7CA2091BCB10076FFDF /* Assets.xcassets */; };
		DC2EC7CE2091BCB10076FFDF /* LaunchScreen.storyboard in Resources */ = {isa = PBXBuildFile; fileRef = DC2EC7CC2091BCB10076FFDF /* LaunchScreen.storyboard */; };
		DC2EC7D12091BCB10076FFDF /* main.m in Sources */ = {isa = PBXBuildFile; fileRef = DC2EC7D02091BCB10076FFDF /* main.m */; };
		DC2EC7DB2091BCB10076FFDF /* HomeServizTests.m in Sources */ = {isa = PBXBuildFile; fileRef = DC2EC7DA2091BCB10076FFDF /* HomeServizTests.m */; };
		DC2EC7E62091BCB10076FFDF /* HomeServizUITests.m in Sources */ = {isa = PBXBuildFile; fileRef = DC2EC7E52091BCB10076FFDF /* HomeServizUITests.m */; };
		DCA15F00209A3F2B00B5F0DB /* UserModel.m in Sources */ = {isa = PBXBuildFile; fileRef = DCA15EFF209A3F2B00B5F0DB /* UserModel.m */; };
		DCA15F07209A8B0800B5F0DB /* HSWebAPI+RefreshToken.m in Sources */ = {isa = PBXBuildFile; fileRef = DCA15F06209A8B0800B5F0DB /* HSWebAPI+RefreshToken.m */; };
		DCA15F10209A983B00B5F0DB /* HSOTPViewController.m in Sources */ = {isa = PBXBuildFile; fileRef = DCA15F0F209A983B00B5F0DB /* HSOTPViewController.m */; };
		DCCA1E6120920F1200AED4B8 /* HSWebAPI.m in Sources */ = {isa = PBXBuildFile; fileRef = DCCA1E6020920F1200AED4B8 /* HSWebAPI.m */; };
		DCCA1E642092100200AED4B8 /* HSResult.m in Sources */ = {isa = PBXBuildFile; fileRef = DCCA1E632092100200AED4B8 /* HSResult.m */; };
		DCCA1E672092101500AED4B8 /* HSRequest.m in Sources */ = {isa = PBXBuildFile; fileRef = DCCA1E662092101500AED4B8 /* HSRequest.m */; };
		DCCA1E6B2092110E00AED4B8 /* NSDictionary+Validation.m in Sources */ = {isa = PBXBuildFile; fileRef = DCCA1E6A2092110E00AED4B8 /* NSDictionary+Validation.m */; };
		DCCA1E6E209211C700AED4B8 /* NSString+Helper.m in Sources */ = {isa = PBXBuildFile; fileRef = DCCA1E6D209211C700AED4B8 /* NSString+Helper.m */; };
		DCCA1E712092121900AED4B8 /* HSAPIResponse.m in Sources */ = {isa = PBXBuildFile; fileRef = DCCA1E702092121900AED4B8 /* HSAPIResponse.m */; };
		DCCA1E7C2093014100AED4B8 /* HSAPIResponse+Utility.m in Sources */ = {isa = PBXBuildFile; fileRef = DCCA1E7B2093014100AED4B8 /* HSAPIResponse+Utility.m */; };
		DCCA1EAE20930A8600AED4B8 /* HSWebAPI+Helpers.m in Sources */ = {isa = PBXBuildFile; fileRef = DCCA1EAD20930A8600AED4B8 /* HSWebAPI+Helpers.m */; };
		DCCA1EB720930D8500AED4B8 /* HSTask.m in Sources */ = {isa = PBXBuildFile; fileRef = DCCA1EB620930D8500AED4B8 /* HSTask.m */; };
		DCCA1EBB20930EB400AED4B8 /* HSThreadSafeMap.m in Sources */ = {isa = PBXBuildFile; fileRef = DCCA1EBA20930EB400AED4B8 /* HSThreadSafeMap.m */; };
		DCCA1EBE20933C7500AED4B8 /* HSRequestSignature.m in Sources */ = {isa = PBXBuildFile; fileRef = DCCA1EBD20933C7500AED4B8 /* HSRequestSignature.m */; };
		DCCA1EC120934B7800AED4B8 /* NSData+AES.m in Sources */ = {isa = PBXBuildFile; fileRef = DCCA1EC020934B7800AED4B8 /* NSData+AES.m */; };
		DCCA1EC420934B9A00AED4B8 /* NSString+AES.m in Sources */ = {isa = PBXBuildFile; fileRef = DCCA1EC320934B9A00AED4B8 /* NSString+AES.m */; };
		DCCA1EC720934BC200AED4B8 /* NSData+Helper.m in Sources */ = {isa = PBXBuildFile; fileRef = DCCA1EC620934BC100AED4B8 /* NSData+Helper.m */; };
		DCCA1ECA20934C2A00AED4B8 /* NSData+CommonCrypto.m in Sources */ = {isa = PBXBuildFile; fileRef = DCCA1EC920934C2A00AED4B8 /* NSData+CommonCrypto.m */; };
		DCCA1ED620934F2200AED4B8 /* HSLoginAPI.m in Sources */ = {isa = PBXBuildFile; fileRef = DCCA1ED320934F2200AED4B8 /* HSLoginAPI.m */; };
		DCCA1ED720934F2200AED4B8 /* HSLoginResponse.m in Sources */ = {isa = PBXBuildFile; fileRef = DCCA1ED520934F2200AED4B8 /* HSLoginResponse.m */; };
		DCCA1EDA20934FA300AED4B8 /* BaseViewController.m in Sources */ = {isa = PBXBuildFile; fileRef = DCCA1ED920934FA300AED4B8 /* BaseViewController.m */; };
		DCCA1F1D20934FF000AED4B8 /* HSLoadingIndicator.m in Sources */ = {isa = PBXBuildFile; fileRef = DCCA1EDD20934FF000AED4B8 /* HSLoadingIndicator.m */; };
		DCCA1F1E20934FF000AED4B8 /* HSLoadingView.m in Sources */ = {isa = PBXBuildFile; fileRef = DCCA1EDF20934FF000AED4B8 /* HSLoadingView.m */; };
		DCCA1F1F20934FF000AED4B8 /* loading_00000.png in Resources */ = {isa = PBXBuildFile; fileRef = DCCA1EE120934FF000AED4B8 /* loading_00000.png */; };
		DCCA1F2020934FF000AED4B8 /* loading_00001.png in Resources */ = {isa = PBXBuildFile; fileRef = DCCA1EE220934FF000AED4B8 /* loading_00001.png */; };
		DCCA1F2120934FF000AED4B8 /* loading_00002.png in Resources */ = {isa = PBXBuildFile; fileRef = DCCA1EE320934FF000AED4B8 /* loading_00002.png */; };
		DCCA1F2220934FF000AED4B8 /* loading_00003.png in Resources */ = {isa = PBXBuildFile; fileRef = DCCA1EE420934FF000AED4B8 /* loading_00003.png */; };
		DCCA1F2320934FF000AED4B8 /* loading_00004.png in Resources */ = {isa = PBXBuildFile; fileRef = DCCA1EE520934FF000AED4B8 /* loading_00004.png */; };
		DCCA1F2420934FF000AED4B8 /* loading_00005.png in Resources */ = {isa = PBXBuildFile; fileRef = DCCA1EE620934FF000AED4B8 /* loading_00005.png */; };
		DCCA1F2520934FF000AED4B8 /* loading_00006.png in Resources */ = {isa = PBXBuildFile; fileRef = DCCA1EE720934FF000AED4B8 /* loading_00006.png */; };
		DCCA1F2620934FF000AED4B8 /* loading_00007.png in Resources */ = {isa = PBXBuildFile; fileRef = DCCA1EE820934FF000AED4B8 /* loading_00007.png */; };
		DCCA1F2720934FF000AED4B8 /* loading_00008.png in Resources */ = {isa = PBXBuildFile; fileRef = DCCA1EE920934FF000AED4B8 /* loading_00008.png */; };
		DCCA1F2820934FF000AED4B8 /* loading_00009.png in Resources */ = {isa = PBXBuildFile; fileRef = DCCA1EEA20934FF000AED4B8 /* loading_00009.png */; };
		DCCA1F2920934FF000AED4B8 /* loading_00010.png in Resources */ = {isa = PBXBuildFile; fileRef = DCCA1EEB20934FF000AED4B8 /* loading_00010.png */; };
		DCCA1F2A20934FF000AED4B8 /* loading_00011.png in Resources */ = {isa = PBXBuildFile; fileRef = DCCA1EEC20934FF000AED4B8 /* loading_00011.png */; };
		DCCA1F2B20934FF000AED4B8 /* loading_00012.png in Resources */ = {isa = PBXBuildFile; fileRef = DCCA1EED20934FF000AED4B8 /* loading_00012.png */; };
		DCCA1F2C20934FF000AED4B8 /* loading_00013.png in Resources */ = {isa = PBXBuildFile; fileRef = DCCA1EEE20934FF000AED4B8 /* loading_00013.png */; };
		DCCA1F2D20934FF000AED4B8 /* loading_00014.png in Resources */ = {isa = PBXBuildFile; fileRef = DCCA1EEF20934FF000AED4B8 /* loading_00014.png */; };
		DCCA1F2E20934FF000AED4B8 /* loading_00015.png in Resources */ = {isa = PBXBuildFile; fileRef = DCCA1EF020934FF000AED4B8 /* loading_00015.png */; };
		DCCA1F2F20934FF000AED4B8 /* loading_00016.png in Resources */ = {isa = PBXBuildFile; fileRef = DCCA1EF120934FF000AED4B8 /* loading_00016.png */; };
		DCCA1F3020934FF000AED4B8 /* loading_00017.png in Resources */ = {isa = PBXBuildFile; fileRef = DCCA1EF220934FF000AED4B8 /* loading_00017.png */; };
		DCCA1F3120934FF000AED4B8 /* loading_00018.png in Resources */ = {isa = PBXBuildFile; fileRef = DCCA1EF320934FF000AED4B8 /* loading_00018.png */; };
		DCCA1F3220934FF000AED4B8 /* loading_00019.png in Resources */ = {isa = PBXBuildFile; fileRef = DCCA1EF420934FF000AED4B8 /* loading_00019.png */; };
		DCCA1F3320934FF000AED4B8 /* loading_00020.png in Resources */ = {isa = PBXBuildFile; fileRef = DCCA1EF520934FF000AED4B8 /* loading_00020.png */; };
		DCCA1F3420934FF000AED4B8 /* loading_00021.png in Resources */ = {isa = PBXBuildFile; fileRef = DCCA1EF620934FF000AED4B8 /* loading_00021.png */; };
		DCCA1F3520934FF000AED4B8 /* loading_00022.png in Resources */ = {isa = PBXBuildFile; fileRef = DCCA1EF720934FF000AED4B8 /* loading_00022.png */; };
		DCCA1F3620934FF000AED4B8 /* loading_00023.png in Resources */ = {isa = PBXBuildFile; fileRef = DCCA1EF820934FF000AED4B8 /* loading_00023.png */; };
		DCCA1F3720934FF000AED4B8 /* loading_00024.png in Resources */ = {isa = PBXBuildFile; fileRef = DCCA1EF920934FF000AED4B8 /* loading_00024.png */; };
		DCCA1F3820934FF000AED4B8 /* loading_00025.png in Resources */ = {isa = PBXBuildFile; fileRef = DCCA1EFA20934FF000AED4B8 /* loading_00025.png */; };
		DCCA1F3920934FF000AED4B8 /* loading_00026.png in Resources */ = {isa = PBXBuildFile; fileRef = DCCA1EFB20934FF000AED4B8 /* loading_00026.png */; };
		DCCA1F3A20934FF000AED4B8 /* loading_00027.png in Resources */ = {isa = PBXBuildFile; fileRef = DCCA1EFC20934FF000AED4B8 /* loading_00027.png */; };
		DCCA1F3B20934FF000AED4B8 /* loading_00028.png in Resources */ = {isa = PBXBuildFile; fileRef = DCCA1EFD20934FF000AED4B8 /* loading_00028.png */; };
		DCCA1F3C20934FF000AED4B8 /* loading_00029.png in Resources */ = {isa = PBXBuildFile; fileRef = DCCA1EFE20934FF000AED4B8 /* loading_00029.png */; };
		DCCA1F3D20934FF000AED4B8 /* loading_00030.png in Resources */ = {isa = PBXBuildFile; fileRef = DCCA1EFF20934FF000AED4B8 /* loading_00030.png */; };
		DCCA1F3E20934FF000AED4B8 /* loading_00031.png in Resources */ = {isa = PBXBuildFile; fileRef = DCCA1F0020934FF000AED4B8 /* loading_00031.png */; };
		DCCA1F3F20934FF000AED4B8 /* loading_00032.png in Resources */ = {isa = PBXBuildFile; fileRef = DCCA1F0120934FF000AED4B8 /* loading_00032.png */; };
		DCCA1F4020934FF000AED4B8 /* loading_00033.png in Resources */ = {isa = PBXBuildFile; fileRef = DCCA1F0220934FF000AED4B8 /* loading_00033.png */; };
		DCCA1F4120934FF000AED4B8 /* loading_00034.png in Resources */ = {isa = PBXBuildFile; fileRef = DCCA1F0320934FF000AED4B8 /* loading_00034.png */; };
		DCCA1F4220934FF000AED4B8 /* loading_00035.png in Resources */ = {isa = PBXBuildFile; fileRef = DCCA1F0420934FF000AED4B8 /* loading_00035.png */; };
		DCCA1F4320934FF000AED4B8 /* loading_00036.png in Resources */ = {isa = PBXBuildFile; fileRef = DCCA1F0520934FF000AED4B8 /* loading_00036.png */; };
		DCCA1F4420934FF000AED4B8 /* loading_00037.png in Resources */ = {isa = PBXBuildFile; fileRef = DCCA1F0620934FF000AED4B8 /* loading_00037.png */; };
		DCCA1F4520934FF000AED4B8 /* loading_00038.png in Resources */ = {isa = PBXBuildFile; fileRef = DCCA1F0720934FF000AED4B8 /* loading_00038.png */; };
		DCCA1F4620934FF000AED4B8 /* loading_00039.png in Resources */ = {isa = PBXBuildFile; fileRef = DCCA1F0820934FF000AED4B8 /* loading_00039.png */; };
		DCCA1F4720934FF000AED4B8 /* loading_00040.png in Resources */ = {isa = PBXBuildFile; fileRef = DCCA1F0920934FF000AED4B8 /* loading_00040.png */; };
		DCCA1F4820934FF000AED4B8 /* loading_00041.png in Resources */ = {isa = PBXBuildFile; fileRef = DCCA1F0A20934FF000AED4B8 /* loading_00041.png */; };
		DCCA1F4920934FF000AED4B8 /* loading_00042.png in Resources */ = {isa = PBXBuildFile; fileRef = DCCA1F0B20934FF000AED4B8 /* loading_00042.png */; };
		DCCA1F4A20934FF000AED4B8 /* loading_00043.png in Resources */ = {isa = PBXBuildFile; fileRef = DCCA1F0C20934FF000AED4B8 /* loading_00043.png */; };
		DCCA1F4B20934FF000AED4B8 /* loading_00044.png in Resources */ = {isa = PBXBuildFile; fileRef = DCCA1F0D20934FF000AED4B8 /* loading_00044.png */; };
		DCCA1F4C20934FF000AED4B8 /* loading_00045.png in Resources */ = {isa = PBXBuildFile; fileRef = DCCA1F0E20934FF000AED4B8 /* loading_00045.png */; };
		DCCA1F4D20934FF000AED4B8 /* loading_00046.png in Resources */ = {isa = PBXBuildFile; fileRef = DCCA1F0F20934FF000AED4B8 /* loading_00046.png */; };
		DCCA1F4E20934FF000AED4B8 /* loading_00047.png in Resources */ = {isa = PBXBuildFile; fileRef = DCCA1F1020934FF000AED4B8 /* loading_00047.png */; };
		DCCA1F4F20934FF000AED4B8 /* loading_00048.png in Resources */ = {isa = PBXBuildFile; fileRef = DCCA1F1120934FF000AED4B8 /* loading_00048.png */; };
		DCCA1F5020934FF000AED4B8 /* loading_00049.png in Resources */ = {isa = PBXBuildFile; fileRef = DCCA1F1220934FF000AED4B8 /* loading_00049.png */; };
		DCCA1F5120934FF000AED4B8 /* loading_00050.png in Resources */ = {isa = PBXBuildFile; fileRef = DCCA1F1320934FF000AED4B8 /* loading_00050.png */; };
		DCCA1F5220934FF000AED4B8 /* loading_00051.png in Resources */ = {isa = PBXBuildFile; fileRef = DCCA1F1420934FF000AED4B8 /* loading_00051.png */; };
		DCCA1F5320934FF000AED4B8 /* loading_00052.png in Resources */ = {isa = PBXBuildFile; fileRef = DCCA1F1520934FF000AED4B8 /* loading_00052.png */; };
		DCCA1F5420934FF000AED4B8 /* loading_00053.png in Resources */ = {isa = PBXBuildFile; fileRef = DCCA1F1620934FF000AED4B8 /* loading_00053.png */; };
		DCCA1F5520934FF000AED4B8 /* loading_00054.png in Resources */ = {isa = PBXBuildFile; fileRef = DCCA1F1720934FF000AED4B8 /* loading_00054.png */; };
		DCCA1F5620934FF000AED4B8 /* loading_00055.png in Resources */ = {isa = PBXBuildFile; fileRef = DCCA1F1820934FF000AED4B8 /* loading_00055.png */; };
		DCCA1F5720934FF000AED4B8 /* loading_00056.png in Resources */ = {isa = PBXBuildFile; fileRef = DCCA1F1920934FF000AED4B8 /* loading_00056.png */; };
		DCCA1F5820934FF000AED4B8 /* loading_00057.png in Resources */ = {isa = PBXBuildFile; fileRef = DCCA1F1A20934FF000AED4B8 /* loading_00057.png */; };
		DCCA1F5920934FF000AED4B8 /* loading_00058.png in Resources */ = {isa = PBXBuildFile; fileRef = DCCA1F1B20934FF000AED4B8 /* loading_00058.png */; };
		DCCA1F5A20934FF000AED4B8 /* loading_00059.png in Resources */ = {isa = PBXBuildFile; fileRef = DCCA1F1C20934FF000AED4B8 /* loading_00059.png */; };
		DCCA1F5D2093523700AED4B8 /* HSJSonRequest.m in Sources */ = {isa = PBXBuildFile; fileRef = DCCA1F5C2093523700AED4B8 /* HSJSonRequest.m */; };
		DCCA1F622093648700AED4B8 /* HSCacheManager.m in Sources */ = {isa = PBXBuildFile; fileRef = DCCA1F602093648700AED4B8 /* HSCacheManager.m */; };
/* End PBXBuildFile section */

/* Begin PBXContainerItemProxy section */
		DC2EC7D72091BCB10076FFDF /* PBXContainerItemProxy */ = {
			isa = PBXContainerItemProxy;
			containerPortal = DC2EC7B62091BCB10076FFDF /* Project object */;
			proxyType = 1;
			remoteGlobalIDString = DC2EC7BD2091BCB10076FFDF;
			remoteInfo = HomeServiz;
		};
		DC2EC7E22091BCB10076FFDF /* PBXContainerItemProxy */ = {
			isa = PBXContainerItemProxy;
			containerPortal = DC2EC7B62091BCB10076FFDF /* Project object */;
			proxyType = 1;
			remoteGlobalIDString = DC2EC7BD2091BCB10076FFDF;
			remoteInfo = HomeServiz;
		};
/* End PBXContainerItemProxy section */

/* Begin PBXFileReference section */
		07A7C47030D029D243034EA8 /* Pods-HomeServizTests.release.xcconfig */ = {isa = PBXFileReference; includeInIndex = 1; lastKnownFileType = text.xcconfig; name = "Pods-HomeServizTests.release.xcconfig"; path = "Pods/Target Support Files/Pods-HomeServizTests/Pods-HomeServizTests.release.xcconfig"; sourceTree = "<group>"; };
		13B9511EF3AC401DC0A0A888 /* Pods-HomeServiz.debug.xcconfig */ = {isa = PBXFileReference; includeInIndex = 1; lastKnownFileType = text.xcconfig; name = "Pods-HomeServiz.debug.xcconfig"; path = "Pods/Target Support Files/Pods-HomeServiz/Pods-HomeServiz.debug.xcconfig"; sourceTree = "<group>"; };
		158F7D59C71519ED0669CF9F /* libPods-HomeServiz.a */ = {isa = PBXFileReference; explicitFileType = archive.ar; includeInIndex = 0; path = "libPods-HomeServiz.a"; sourceTree = BUILT_PRODUCTS_DIR; };
		7018FE4F628ACD1ACEAB421E /* libPods-HomeServizTests.a */ = {isa = PBXFileReference; explicitFileType = archive.ar; includeInIndex = 0; path = "libPods-HomeServizTests.a"; sourceTree = BUILT_PRODUCTS_DIR; };
		B288C5F37C55DC486EBA8D23 /* Pods-HomeServiz.release.xcconfig */ = {isa = PBXFileReference; includeInIndex = 1; lastKnownFileType = text.xcconfig; name = "Pods-HomeServiz.release.xcconfig"; path = "Pods/Target Support Files/Pods-HomeServiz/Pods-HomeServiz.release.xcconfig"; sourceTree = "<group>"; };
		C3468F6CF0D28342195B9787 /* Pods-HomeServizTests.debug.xcconfig */ = {isa = PBXFileReference; includeInIndex = 1; lastKnownFileType = text.xcconfig; name = "Pods-HomeServizTests.debug.xcconfig"; path = "Pods/Target Support Files/Pods-HomeServizTests/Pods-HomeServizTests.debug.xcconfig"; sourceTree = "<group>"; };
		DC2EC7BE2091BCB10076FFDF /* HomeServiz.app */ = {isa = PBXFileReference; explicitFileType = wrapper.application; includeInIndex = 0; path = HomeServiz.app; sourceTree = BUILT_PRODUCTS_DIR; };
		DC2EC7C12091BCB10076FFDF /* AppDelegate.h */ = {isa = PBXFileReference; lastKnownFileType = sourcecode.c.h; path = AppDelegate.h; sourceTree = "<group>"; };
		DC2EC7C22091BCB10076FFDF /* AppDelegate.m */ = {isa = PBXFileReference; lastKnownFileType = sourcecode.c.objc; path = AppDelegate.m; sourceTree = "<group>"; };
		DC2EC7C42091BCB10076FFDF /* ViewController.h */ = {isa = PBXFileReference; lastKnownFileType = sourcecode.c.h; path = ViewController.h; sourceTree = "<group>"; };
		DC2EC7C52091BCB10076FFDF /* ViewController.m */ = {isa = PBXFileReference; lastKnownFileType = sourcecode.c.objc; path = ViewController.m; sourceTree = "<group>"; };
		DC2EC7C82091BCB10076FFDF /* Base */ = {isa = PBXFileReference; lastKnownFileType = file.storyboard; name = Base; path = Base.lproj/Main.storyboard; sourceTree = "<group>"; };
		DC2EC7CA2091BCB10076FFDF /* Assets.xcassets */ = {isa = PBXFileReference; lastKnownFileType = folder.assetcatalog; path = Assets.xcassets; sourceTree = "<group>"; };
		DC2EC7CD2091BCB10076FFDF /* Base */ = {isa = PBXFileReference; lastKnownFileType = file.storyboard; name = Base; path = Base.lproj/LaunchScreen.storyboard; sourceTree = "<group>"; };
		DC2EC7CF2091BCB10076FFDF /* Info.plist */ = {isa = PBXFileReference; lastKnownFileType = text.plist.xml; path = Info.plist; sourceTree = "<group>"; };
		DC2EC7D02091BCB10076FFDF /* main.m */ = {isa = PBXFileReference; lastKnownFileType = sourcecode.c.objc; path = main.m; sourceTree = "<group>"; };
		DC2EC7D62091BCB10076FFDF /* HomeServizTests.xctest */ = {isa = PBXFileReference; explicitFileType = wrapper.cfbundle; includeInIndex = 0; path = HomeServizTests.xctest; sourceTree = BUILT_PRODUCTS_DIR; };
		DC2EC7DA2091BCB10076FFDF /* HomeServizTests.m */ = {isa = PBXFileReference; lastKnownFileType = sourcecode.c.objc; path = HomeServizTests.m; sourceTree = "<group>"; };
		DC2EC7DC2091BCB10076FFDF /* Info.plist */ = {isa = PBXFileReference; lastKnownFileType = text.plist.xml; path = Info.plist; sourceTree = "<group>"; };
		DC2EC7E12091BCB10076FFDF /* HomeServizUITests.xctest */ = {isa = PBXFileReference; explicitFileType = wrapper.cfbundle; includeInIndex = 0; path = HomeServizUITests.xctest; sourceTree = BUILT_PRODUCTS_DIR; };
		DC2EC7E52091BCB10076FFDF /* HomeServizUITests.m */ = {isa = PBXFileReference; lastKnownFileType = sourcecode.c.objc; path = HomeServizUITests.m; sourceTree = "<group>"; };
		DC2EC7E72091BCB10076FFDF /* Info.plist */ = {isa = PBXFileReference; lastKnownFileType = text.plist.xml; path = Info.plist; sourceTree = "<group>"; };
		DCA15EFE209A3F2B00B5F0DB /* UserModel.h */ = {isa = PBXFileReference; lastKnownFileType = sourcecode.c.h; path = UserModel.h; sourceTree = "<group>"; };
		DCA15EFF209A3F2B00B5F0DB /* UserModel.m */ = {isa = PBXFileReference; lastKnownFileType = sourcecode.c.objc; path = UserModel.m; sourceTree = "<group>"; };
		DCA15F05209A8B0800B5F0DB /* HSWebAPI+RefreshToken.h */ = {isa = PBXFileReference; lastKnownFileType = sourcecode.c.h; path = "HSWebAPI+RefreshToken.h"; sourceTree = "<group>"; };
		DCA15F06209A8B0800B5F0DB /* HSWebAPI+RefreshToken.m */ = {isa = PBXFileReference; lastKnownFileType = sourcecode.c.objc; path = "HSWebAPI+RefreshToken.m"; sourceTree = "<group>"; };
		DCA15F0E209A983B00B5F0DB /* HSOTPViewController.h */ = {isa = PBXFileReference; lastKnownFileType = sourcecode.c.h; path = HSOTPViewController.h; sourceTree = "<group>"; };
		DCA15F0F209A983B00B5F0DB /* HSOTPViewController.m */ = {isa = PBXFileReference; lastKnownFileType = sourcecode.c.objc; path = HSOTPViewController.m; sourceTree = "<group>"; };
		DCC2ED5D2097436500534155 /* HSCacheManagerPrivate.h */ = {isa = PBXFileReference; fileEncoding = 4; lastKnownFileType = sourcecode.c.h; path = HSCacheManagerPrivate.h; sourceTree = "<group>"; };
		DCCA1E5F20920F1200AED4B8 /* HSWebAPI.h */ = {isa = PBXFileReference; lastKnownFileType = sourcecode.c.h; path = HSWebAPI.h; sourceTree = "<group>"; };
		DCCA1E6020920F1200AED4B8 /* HSWebAPI.m */ = {isa = PBXFileReference; lastKnownFileType = sourcecode.c.objc; path = HSWebAPI.m; sourceTree = "<group>"; };
		DCCA1E622092100200AED4B8 /* HSResult.h */ = {isa = PBXFileReference; lastKnownFileType = sourcecode.c.h; path = HSResult.h; sourceTree = "<group>"; };
		DCCA1E632092100200AED4B8 /* HSResult.m */ = {isa = PBXFileReference; lastKnownFileType = sourcecode.c.objc; path = HSResult.m; sourceTree = "<group>"; };
		DCCA1E652092101500AED4B8 /* HSRequest.h */ = {isa = PBXFileReference; lastKnownFileType = sourcecode.c.h; path = HSRequest.h; sourceTree = "<group>"; };
		DCCA1E662092101500AED4B8 /* HSRequest.m */ = {isa = PBXFileReference; lastKnownFileType = sourcecode.c.objc; path = HSRequest.m; sourceTree = "<group>"; };
		DCCA1E692092110E00AED4B8 /* NSDictionary+Validation.h */ = {isa = PBXFileReference; fileEncoding = 4; lastKnownFileType = sourcecode.c.h; path = "NSDictionary+Validation.h"; sourceTree = "<group>"; };
		DCCA1E6A2092110E00AED4B8 /* NSDictionary+Validation.m */ = {isa = PBXFileReference; fileEncoding = 4; lastKnownFileType = sourcecode.c.objc; path = "NSDictionary+Validation.m"; sourceTree = "<group>"; };
		DCCA1E6C209211C700AED4B8 /* NSString+Helper.h */ = {isa = PBXFileReference; fileEncoding = 4; lastKnownFileType = sourcecode.c.h; path = "NSString+Helper.h"; sourceTree = "<group>"; };
		DCCA1E6D209211C700AED4B8 /* NSString+Helper.m */ = {isa = PBXFileReference; fileEncoding = 4; lastKnownFileType = sourcecode.c.objc; path = "NSString+Helper.m"; sourceTree = "<group>"; };
		DCCA1E6F2092121900AED4B8 /* HSAPIResponse.h */ = {isa = PBXFileReference; lastKnownFileType = sourcecode.c.h; path = HSAPIResponse.h; sourceTree = "<group>"; };
		DCCA1E702092121900AED4B8 /* HSAPIResponse.m */ = {isa = PBXFileReference; lastKnownFileType = sourcecode.c.objc; path = HSAPIResponse.m; sourceTree = "<group>"; };
		DCCA1E7A2093014100AED4B8 /* HSAPIResponse+Utility.h */ = {isa = PBXFileReference; lastKnownFileType = sourcecode.c.h; path = "HSAPIResponse+Utility.h"; sourceTree = "<group>"; };
		DCCA1E7B2093014100AED4B8 /* HSAPIResponse+Utility.m */ = {isa = PBXFileReference; lastKnownFileType = sourcecode.c.objc; path = "HSAPIResponse+Utility.m"; sourceTree = "<group>"; };
		DCCA1EAC20930A8600AED4B8 /* HSWebAPI+Helpers.h */ = {isa = PBXFileReference; lastKnownFileType = sourcecode.c.h; path = "HSWebAPI+Helpers.h"; sourceTree = "<group>"; };
		DCCA1EAD20930A8600AED4B8 /* HSWebAPI+Helpers.m */ = {isa = PBXFileReference; lastKnownFileType = sourcecode.c.objc; path = "HSWebAPI+Helpers.m"; sourceTree = "<group>"; };
		DCCA1EB420930C8300AED4B8 /* HSWebAPIPrivateMembers.h */ = {isa = PBXFileReference; fileEncoding = 4; lastKnownFileType = sourcecode.c.h; path = HSWebAPIPrivateMembers.h; sourceTree = "<group>"; };
		DCCA1EB520930D8500AED4B8 /* HSTask.h */ = {isa = PBXFileReference; lastKnownFileType = sourcecode.c.h; path = HSTask.h; sourceTree = "<group>"; };
		DCCA1EB620930D8500AED4B8 /* HSTask.m */ = {isa = PBXFileReference; lastKnownFileType = sourcecode.c.objc; path = HSTask.m; sourceTree = "<group>"; };
		DCCA1EB820930E0A00AED4B8 /* HSNetworkProtocols.h */ = {isa = PBXFileReference; fileEncoding = 4; lastKnownFileType = sourcecode.c.h; path = HSNetworkProtocols.h; sourceTree = "<group>"; };
		DCCA1EB920930EB400AED4B8 /* HSThreadSafeMap.h */ = {isa = PBXFileReference; lastKnownFileType = sourcecode.c.h; path = HSThreadSafeMap.h; sourceTree = "<group>"; };
		DCCA1EBA20930EB400AED4B8 /* HSThreadSafeMap.m */ = {isa = PBXFileReference; lastKnownFileType = sourcecode.c.objc; path = HSThreadSafeMap.m; sourceTree = "<group>"; };
		DCCA1EBC20933C7500AED4B8 /* HSRequestSignature.h */ = {isa = PBXFileReference; lastKnownFileType = sourcecode.c.h; path = HSRequestSignature.h; sourceTree = "<group>"; };
		DCCA1EBD20933C7500AED4B8 /* HSRequestSignature.m */ = {isa = PBXFileReference; lastKnownFileType = sourcecode.c.objc; path = HSRequestSignature.m; sourceTree = "<group>"; };
		DCCA1EBF20934B7800AED4B8 /* NSData+AES.h */ = {isa = PBXFileReference; fileEncoding = 4; lastKnownFileType = sourcecode.c.h; name = "NSData+AES.h"; path = "HomeServiz/Categories/NSData+AES.h"; sourceTree = SOURCE_ROOT; };
		DCCA1EC020934B7800AED4B8 /* NSData+AES.m */ = {isa = PBXFileReference; fileEncoding = 4; lastKnownFileType = sourcecode.c.objc; name = "NSData+AES.m"; path = "HomeServiz/Categories/NSData+AES.m"; sourceTree = SOURCE_ROOT; };
		DCCA1EC220934B9900AED4B8 /* NSString+AES.h */ = {isa = PBXFileReference; fileEncoding = 4; lastKnownFileType = sourcecode.c.h; path = "NSString+AES.h"; sourceTree = "<group>"; };
		DCCA1EC320934B9A00AED4B8 /* NSString+AES.m */ = {isa = PBXFileReference; fileEncoding = 4; lastKnownFileType = sourcecode.c.objc; path = "NSString+AES.m"; sourceTree = "<group>"; };
		DCCA1EC520934BC100AED4B8 /* NSData+Helper.h */ = {isa = PBXFileReference; fileEncoding = 4; lastKnownFileType = sourcecode.c.h; path = "NSData+Helper.h"; sourceTree = "<group>"; };
		DCCA1EC620934BC100AED4B8 /* NSData+Helper.m */ = {isa = PBXFileReference; fileEncoding = 4; lastKnownFileType = sourcecode.c.objc; path = "NSData+Helper.m"; sourceTree = "<group>"; };
		DCCA1EC820934C2900AED4B8 /* NSData+CommonCrypto.h */ = {isa = PBXFileReference; fileEncoding = 4; lastKnownFileType = sourcecode.c.h; path = "NSData+CommonCrypto.h"; sourceTree = "<group>"; };
		DCCA1EC920934C2A00AED4B8 /* NSData+CommonCrypto.m */ = {isa = PBXFileReference; fileEncoding = 4; lastKnownFileType = sourcecode.c.objc; path = "NSData+CommonCrypto.m"; sourceTree = "<group>"; };
		DCCA1ED220934F2200AED4B8 /* HSLoginAPI.h */ = {isa = PBXFileReference; fileEncoding = 4; lastKnownFileType = sourcecode.c.h; path = HSLoginAPI.h; sourceTree = "<group>"; };
		DCCA1ED320934F2200AED4B8 /* HSLoginAPI.m */ = {isa = PBXFileReference; fileEncoding = 4; lastKnownFileType = sourcecode.c.objc; path = HSLoginAPI.m; sourceTree = "<group>"; };
		DCCA1ED420934F2200AED4B8 /* HSLoginResponse.h */ = {isa = PBXFileReference; fileEncoding = 4; lastKnownFileType = sourcecode.c.h; path = HSLoginResponse.h; sourceTree = "<group>"; };
		DCCA1ED520934F2200AED4B8 /* HSLoginResponse.m */ = {isa = PBXFileReference; fileEncoding = 4; lastKnownFileType = sourcecode.c.objc; path = HSLoginResponse.m; sourceTree = "<group>"; };
		DCCA1ED820934FA300AED4B8 /* BaseViewController.h */ = {isa = PBXFileReference; lastKnownFileType = sourcecode.c.h; path = BaseViewController.h; sourceTree = "<group>"; };
		DCCA1ED920934FA300AED4B8 /* BaseViewController.m */ = {isa = PBXFileReference; lastKnownFileType = sourcecode.c.objc; path = BaseViewController.m; sourceTree = "<group>"; };
		DCCA1EDC20934FF000AED4B8 /* HSLoadingIndicator.h */ = {isa = PBXFileReference; fileEncoding = 4; lastKnownFileType = sourcecode.c.h; path = HSLoadingIndicator.h; sourceTree = "<group>"; };
		DCCA1EDD20934FF000AED4B8 /* HSLoadingIndicator.m */ = {isa = PBXFileReference; fileEncoding = 4; lastKnownFileType = sourcecode.c.objc; path = HSLoadingIndicator.m; sourceTree = "<group>"; };
		DCCA1EDE20934FF000AED4B8 /* HSLoadingView.h */ = {isa = PBXFileReference; fileEncoding = 4; lastKnownFileType = sourcecode.c.h; path = HSLoadingView.h; sourceTree = "<group>"; };
		DCCA1EDF20934FF000AED4B8 /* HSLoadingView.m */ = {isa = PBXFileReference; fileEncoding = 4; lastKnownFileType = sourcecode.c.objc; path = HSLoadingView.m; sourceTree = "<group>"; };
		DCCA1EE120934FF000AED4B8 /* loading_00000.png */ = {isa = PBXFileReference; lastKnownFileType = image.png; path = loading_00000.png; sourceTree = "<group>"; };
		DCCA1EE220934FF000AED4B8 /* loading_00001.png */ = {isa = PBXFileReference; lastKnownFileType = image.png; path = loading_00001.png; sourceTree = "<group>"; };
		DCCA1EE320934FF000AED4B8 /* loading_00002.png */ = {isa = PBXFileReference; lastKnownFileType = image.png; path = loading_00002.png; sourceTree = "<group>"; };
		DCCA1EE420934FF000AED4B8 /* loading_00003.png */ = {isa = PBXFileReference; lastKnownFileType = image.png; path = loading_00003.png; sourceTree = "<group>"; };
		DCCA1EE520934FF000AED4B8 /* loading_00004.png */ = {isa = PBXFileReference; lastKnownFileType = image.png; path = loading_00004.png; sourceTree = "<group>"; };
		DCCA1EE620934FF000AED4B8 /* loading_00005.png */ = {isa = PBXFileReference; lastKnownFileType = image.png; path = loading_00005.png; sourceTree = "<group>"; };
		DCCA1EE720934FF000AED4B8 /* loading_00006.png */ = {isa = PBXFileReference; lastKnownFileType = image.png; path = loading_00006.png; sourceTree = "<group>"; };
		DCCA1EE820934FF000AED4B8 /* loading_00007.png */ = {isa = PBXFileReference; lastKnownFileType = image.png; path = loading_00007.png; sourceTree = "<group>"; };
		DCCA1EE920934FF000AED4B8 /* loading_00008.png */ = {isa = PBXFileReference; lastKnownFileType = image.png; path = loading_00008.png; sourceTree = "<group>"; };
		DCCA1EEA20934FF000AED4B8 /* loading_00009.png */ = {isa = PBXFileReference; lastKnownFileType = image.png; path = loading_00009.png; sourceTree = "<group>"; };
		DCCA1EEB20934FF000AED4B8 /* loading_00010.png */ = {isa = PBXFileReference; lastKnownFileType = image.png; path = loading_00010.png; sourceTree = "<group>"; };
		DCCA1EEC20934FF000AED4B8 /* loading_00011.png */ = {isa = PBXFileReference; lastKnownFileType = image.png; path = loading_00011.png; sourceTree = "<group>"; };
		DCCA1EED20934FF000AED4B8 /* loading_00012.png */ = {isa = PBXFileReference; lastKnownFileType = image.png; path = loading_00012.png; sourceTree = "<group>"; };
		DCCA1EEE20934FF000AED4B8 /* loading_00013.png */ = {isa = PBXFileReference; lastKnownFileType = image.png; path = loading_00013.png; sourceTree = "<group>"; };
		DCCA1EEF20934FF000AED4B8 /* loading_00014.png */ = {isa = PBXFileReference; lastKnownFileType = image.png; path = loading_00014.png; sourceTree = "<group>"; };
		DCCA1EF020934FF000AED4B8 /* loading_00015.png */ = {isa = PBXFileReference; lastKnownFileType = image.png; path = loading_00015.png; sourceTree = "<group>"; };
		DCCA1EF120934FF000AED4B8 /* loading_00016.png */ = {isa = PBXFileReference; lastKnownFileType = image.png; path = loading_00016.png; sourceTree = "<group>"; };
		DCCA1EF220934FF000AED4B8 /* loading_00017.png */ = {isa = PBXFileReference; lastKnownFileType = image.png; path = loading_00017.png; sourceTree = "<group>"; };
		DCCA1EF320934FF000AED4B8 /* loading_00018.png */ = {isa = PBXFileReference; lastKnownFileType = image.png; path = loading_00018.png; sourceTree = "<group>"; };
		DCCA1EF420934FF000AED4B8 /* loading_00019.png */ = {isa = PBXFileReference; lastKnownFileType = image.png; path = loading_00019.png; sourceTree = "<group>"; };
		DCCA1EF520934FF000AED4B8 /* loading_00020.png */ = {isa = PBXFileReference; lastKnownFileType = image.png; path = loading_00020.png; sourceTree = "<group>"; };
		DCCA1EF620934FF000AED4B8 /* loading_00021.png */ = {isa = PBXFileReference; lastKnownFileType = image.png; path = loading_00021.png; sourceTree = "<group>"; };
		DCCA1EF720934FF000AED4B8 /* loading_00022.png */ = {isa = PBXFileReference; lastKnownFileType = image.png; path = loading_00022.png; sourceTree = "<group>"; };
		DCCA1EF820934FF000AED4B8 /* loading_00023.png */ = {isa = PBXFileReference; lastKnownFileType = image.png; path = loading_00023.png; sourceTree = "<group>"; };
		DCCA1EF920934FF000AED4B8 /* loading_00024.png */ = {isa = PBXFileReference; lastKnownFileType = image.png; path = loading_00024.png; sourceTree = "<group>"; };
		DCCA1EFA20934FF000AED4B8 /* loading_00025.png */ = {isa = PBXFileReference; lastKnownFileType = image.png; path = loading_00025.png; sourceTree = "<group>"; };
		DCCA1EFB20934FF000AED4B8 /* loading_00026.png */ = {isa = PBXFileReference; lastKnownFileType = image.png; path = loading_00026.png; sourceTree = "<group>"; };
		DCCA1EFC20934FF000AED4B8 /* loading_00027.png */ = {isa = PBXFileReference; lastKnownFileType = image.png; path = loading_00027.png; sourceTree = "<group>"; };
		DCCA1EFD20934FF000AED4B8 /* loading_00028.png */ = {isa = PBXFileReference; lastKnownFileType = image.png; path = loading_00028.png; sourceTree = "<group>"; };
		DCCA1EFE20934FF000AED4B8 /* loading_00029.png */ = {isa = PBXFileReference; lastKnownFileType = image.png; path = loading_00029.png; sourceTree = "<group>"; };
		DCCA1EFF20934FF000AED4B8 /* loading_00030.png */ = {isa = PBXFileReference; lastKnownFileType = image.png; path = loading_00030.png; sourceTree = "<group>"; };
		DCCA1F0020934FF000AED4B8 /* loading_00031.png */ = {isa = PBXFileReference; lastKnownFileType = image.png; path = loading_00031.png; sourceTree = "<group>"; };
		DCCA1F0120934FF000AED4B8 /* loading_00032.png */ = {isa = PBXFileReference; lastKnownFileType = image.png; path = loading_00032.png; sourceTree = "<group>"; };
		DCCA1F0220934FF000AED4B8 /* loading_00033.png */ = {isa = PBXFileReference; lastKnownFileType = image.png; path = loading_00033.png; sourceTree = "<group>"; };
		DCCA1F0320934FF000AED4B8 /* loading_00034.png */ = {isa = PBXFileReference; lastKnownFileType = image.png; path = loading_00034.png; sourceTree = "<group>"; };
		DCCA1F0420934FF000AED4B8 /* loading_00035.png */ = {isa = PBXFileReference; lastKnownFileType = image.png; path = loading_00035.png; sourceTree = "<group>"; };
		DCCA1F0520934FF000AED4B8 /* loading_00036.png */ = {isa = PBXFileReference; lastKnownFileType = image.png; path = loading_00036.png; sourceTree = "<group>"; };
		DCCA1F0620934FF000AED4B8 /* loading_00037.png */ = {isa = PBXFileReference; lastKnownFileType = image.png; path = loading_00037.png; sourceTree = "<group>"; };
		DCCA1F0720934FF000AED4B8 /* loading_00038.png */ = {isa = PBXFileReference; lastKnownFileType = image.png; path = loading_00038.png; sourceTree = "<group>"; };
		DCCA1F0820934FF000AED4B8 /* loading_00039.png */ = {isa = PBXFileReference; lastKnownFileType = image.png; path = loading_00039.png; sourceTree = "<group>"; };
		DCCA1F0920934FF000AED4B8 /* loading_00040.png */ = {isa = PBXFileReference; lastKnownFileType = image.png; path = loading_00040.png; sourceTree = "<group>"; };
		DCCA1F0A20934FF000AED4B8 /* loading_00041.png */ = {isa = PBXFileReference; lastKnownFileType = image.png; path = loading_00041.png; sourceTree = "<group>"; };
		DCCA1F0B20934FF000AED4B8 /* loading_00042.png */ = {isa = PBXFileReference; lastKnownFileType = image.png; path = loading_00042.png; sourceTree = "<group>"; };
		DCCA1F0C20934FF000AED4B8 /* loading_00043.png */ = {isa = PBXFileReference; lastKnownFileType = image.png; path = loading_00043.png; sourceTree = "<group>"; };
		DCCA1F0D20934FF000AED4B8 /* loading_00044.png */ = {isa = PBXFileReference; lastKnownFileType = image.png; path = loading_00044.png; sourceTree = "<group>"; };
		DCCA1F0E20934FF000AED4B8 /* loading_00045.png */ = {isa = PBXFileReference; lastKnownFileType = image.png; path = loading_00045.png; sourceTree = "<group>"; };
		DCCA1F0F20934FF000AED4B8 /* loading_00046.png */ = {isa = PBXFileReference; lastKnownFileType = image.png; path = loading_00046.png; sourceTree = "<group>"; };
		DCCA1F1020934FF000AED4B8 /* loading_00047.png */ = {isa = PBXFileReference; lastKnownFileType = image.png; path = loading_00047.png; sourceTree = "<group>"; };
		DCCA1F1120934FF000AED4B8 /* loading_00048.png */ = {isa = PBXFileReference; lastKnownFileType = image.png; path = loading_00048.png; sourceTree = "<group>"; };
		DCCA1F1220934FF000AED4B8 /* loading_00049.png */ = {isa = PBXFileReference; lastKnownFileType = image.png; path = loading_00049.png; sourceTree = "<group>"; };
		DCCA1F1320934FF000AED4B8 /* loading_00050.png */ = {isa = PBXFileReference; lastKnownFileType = image.png; path = loading_00050.png; sourceTree = "<group>"; };
		DCCA1F1420934FF000AED4B8 /* loading_00051.png */ = {isa = PBXFileReference; lastKnownFileType = image.png; path = loading_00051.png; sourceTree = "<group>"; };
		DCCA1F1520934FF000AED4B8 /* loading_00052.png */ = {isa = PBXFileReference; lastKnownFileType = image.png; path = loading_00052.png; sourceTree = "<group>"; };
		DCCA1F1620934FF000AED4B8 /* loading_00053.png */ = {isa = PBXFileReference; lastKnownFileType = image.png; path = loading_00053.png; sourceTree = "<group>"; };
		DCCA1F1720934FF000AED4B8 /* loading_00054.png */ = {isa = PBXFileReference; lastKnownFileType = image.png; path = loading_00054.png; sourceTree = "<group>"; };
		DCCA1F1820934FF000AED4B8 /* loading_00055.png */ = {isa = PBXFileReference; lastKnownFileType = image.png; path = loading_00055.png; sourceTree = "<group>"; };
		DCCA1F1920934FF000AED4B8 /* loading_00056.png */ = {isa = PBXFileReference; lastKnownFileType = image.png; path = loading_00056.png; sourceTree = "<group>"; };
		DCCA1F1A20934FF000AED4B8 /* loading_00057.png */ = {isa = PBXFileReference; lastKnownFileType = image.png; path = loading_00057.png; sourceTree = "<group>"; };
		DCCA1F1B20934FF000AED4B8 /* loading_00058.png */ = {isa = PBXFileReference; lastKnownFileType = image.png; path = loading_00058.png; sourceTree = "<group>"; };
		DCCA1F1C20934FF000AED4B8 /* loading_00059.png */ = {isa = PBXFileReference; lastKnownFileType = image.png; path = loading_00059.png; sourceTree = "<group>"; };
		DCCA1F5B2093523700AED4B8 /* HSJSonRequest.h */ = {isa = PBXFileReference; lastKnownFileType = sourcecode.c.h; path = HSJSonRequest.h; sourceTree = "<group>"; };
		DCCA1F5C2093523700AED4B8 /* HSJSonRequest.m */ = {isa = PBXFileReference; lastKnownFileType = sourcecode.c.objc; path = HSJSonRequest.m; sourceTree = "<group>"; };
		DCCA1F5F2093648700AED4B8 /* HSCacheManager.h */ = {isa = PBXFileReference; fileEncoding = 4; lastKnownFileType = sourcecode.c.h; path = HSCacheManager.h; sourceTree = "<group>"; };
		DCCA1F602093648700AED4B8 /* HSCacheManager.m */ = {isa = PBXFileReference; fileEncoding = 4; lastKnownFileType = sourcecode.c.objc; path = HSCacheManager.m; sourceTree = "<group>"; };
/* End PBXFileReference section */

/* Begin PBXFrameworksBuildPhase section */
		DC2EC7BB2091BCB10076FFDF /* Frameworks */ = {
			isa = PBXFrameworksBuildPhase;
			buildActionMask = 2147483647;
			files = (
				07A8FD96993711A9522850B7 /* libPods-HomeServiz.a in Frameworks */,
			);
			runOnlyForDeploymentPostprocessing = 0;
		};
		DC2EC7D32091BCB10076FFDF /* Frameworks */ = {
			isa = PBXFrameworksBuildPhase;
			buildActionMask = 2147483647;
			files = (
				1529479DBF5E0F81E88585F9 /* libPods-HomeServizTests.a in Frameworks */,
			);
			runOnlyForDeploymentPostprocessing = 0;
		};
		DC2EC7DE2091BCB10076FFDF /* Frameworks */ = {
			isa = PBXFrameworksBuildPhase;
			buildActionMask = 2147483647;
			files = (
			);
			runOnlyForDeploymentPostprocessing = 0;
		};
/* End PBXFrameworksBuildPhase section */

/* Begin PBXGroup section */
		55058C77863072AE54955F9B /* Frameworks */ = {
			isa = PBXGroup;
			children = (
				158F7D59C71519ED0669CF9F /* libPods-HomeServiz.a */,
				7018FE4F628ACD1ACEAB421E /* libPods-HomeServizTests.a */,
			);
			name = Frameworks;
			sourceTree = "<group>";
		};
		D73F996B8AA1536CF4AE6EF6 /* Pods */ = {
			isa = PBXGroup;
			children = (
				13B9511EF3AC401DC0A0A888 /* Pods-HomeServiz.debug.xcconfig */,
				B288C5F37C55DC486EBA8D23 /* Pods-HomeServiz.release.xcconfig */,
				C3468F6CF0D28342195B9787 /* Pods-HomeServizTests.debug.xcconfig */,
				07A7C47030D029D243034EA8 /* Pods-HomeServizTests.release.xcconfig */,
			);
			name = Pods;
			sourceTree = "<group>";
		};
		DC2EC7B52091BCB10076FFDF = {
			isa = PBXGroup;
			children = (
				DC2EC7C02091BCB10076FFDF /* HomeServiz */,
				DC2EC7D92091BCB10076FFDF /* HomeServizTests */,
				DC2EC7E42091BCB10076FFDF /* HomeServizUITests */,
				DC2EC7BF2091BCB10076FFDF /* Products */,
				D73F996B8AA1536CF4AE6EF6 /* Pods */,
				55058C77863072AE54955F9B /* Frameworks */,
			);
			sourceTree = "<group>";
		};
		DC2EC7BF2091BCB10076FFDF /* Products */ = {
			isa = PBXGroup;
			children = (
				DC2EC7BE2091BCB10076FFDF /* HomeServiz.app */,
				DC2EC7D62091BCB10076FFDF /* HomeServizTests.xctest */,
				DC2EC7E12091BCB10076FFDF /* HomeServizUITests.xctest */,
			);
			name = Products;
			sourceTree = "<group>";
		};
		DC2EC7C02091BCB10076FFDF /* HomeServiz */ = {
			isa = PBXGroup;
			children = (
				DCCA1EDB20934FF000AED4B8 /* LoadingIndicator */,
				DCCA1ED120934F2200AED4B8 /* LoginAPI Handler */,
				DCCA1EB420930C8300AED4B8 /* HSWebAPIPrivateMembers.h */,
				DCCA1E72209212AB00AED4B8 /* Utitlity */,
				DCCA1E682092110E00AED4B8 /* Categories */,
				DCCA1E5E20920EF900AED4B8 /* APIHandler */,
				DC2EC7C12091BCB10076FFDF /* AppDelegate.h */,
				DC2EC7C22091BCB10076FFDF /* AppDelegate.m */,
				DCCA1ED820934FA300AED4B8 /* BaseViewController.h */,
				DCCA1ED920934FA300AED4B8 /* BaseViewController.m */,
				DC2EC7C42091BCB10076FFDF /* ViewController.h */,
				DC2EC7C52091BCB10076FFDF /* ViewController.m */,
				DCA15F0E209A983B00B5F0DB /* HSOTPViewController.h */,
				DCA15F0F209A983B00B5F0DB /* HSOTPViewController.m */,
				DC2EC7C72091BCB10076FFDF /* Main.storyboard */,
				DC2EC7CA2091BCB10076FFDF /* Assets.xcassets */,
				DC2EC7CC2091BCB10076FFDF /* LaunchScreen.storyboard */,
				DC2EC7CF2091BCB10076FFDF /* Info.plist */,
				DC2EC7D02091BCB10076FFDF /* main.m */,
			);
			path = HomeServiz;
			sourceTree = "<group>";
		};
		DC2EC7D92091BCB10076FFDF /* HomeServizTests */ = {
			isa = PBXGroup;
			children = (
				DC2EC7DA2091BCB10076FFDF /* HomeServizTests.m */,
				DC2EC7DC2091BCB10076FFDF /* Info.plist */,
			);
			path = HomeServizTests;
			sourceTree = "<group>";
		};
		DC2EC7E42091BCB10076FFDF /* HomeServizUITests */ = {
			isa = PBXGroup;
			children = (
				DC2EC7E52091BCB10076FFDF /* HomeServizUITests.m */,
				DC2EC7E72091BCB10076FFDF /* Info.plist */,
			);
			path = HomeServizUITests;
			sourceTree = "<group>";
		};
		DCA15EFD209A3F0B00B5F0DB /* Model */ = {
			isa = PBXGroup;
			children = (
				DCA15EFE209A3F2B00B5F0DB /* UserModel.h */,
				DCA15EFF209A3F2B00B5F0DB /* UserModel.m */,
			);
			path = Model;
			sourceTree = "<group>";
		};
		DCCA1E5E20920EF900AED4B8 /* APIHandler */ = {
			isa = PBXGroup;
			children = (
				DCCA1F5E2093648700AED4B8 /* Cache */,
				DCCA1EB820930E0A00AED4B8 /* HSNetworkProtocols.h */,
				DCCA1EB520930D8500AED4B8 /* HSTask.h */,
				DCCA1EB620930D8500AED4B8 /* HSTask.m */,
				DCCA1E5F20920F1200AED4B8 /* HSWebAPI.h */,
				DCCA1E6020920F1200AED4B8 /* HSWebAPI.m */,
				DCCA1E622092100200AED4B8 /* HSResult.h */,
				DCCA1E632092100200AED4B8 /* HSResult.m */,
				DCCA1E652092101500AED4B8 /* HSRequest.h */,
				DCCA1E662092101500AED4B8 /* HSRequest.m */,
				DCCA1E6F2092121900AED4B8 /* HSAPIResponse.h */,
				DCCA1E702092121900AED4B8 /* HSAPIResponse.m */,
				DCCA1EB920930EB400AED4B8 /* HSThreadSafeMap.h */,
				DCCA1EBA20930EB400AED4B8 /* HSThreadSafeMap.m */,
				DCCA1EBC20933C7500AED4B8 /* HSRequestSignature.h */,
				DCCA1EBD20933C7500AED4B8 /* HSRequestSignature.m */,
				DCCA1F5B2093523700AED4B8 /* HSJSonRequest.h */,
				DCCA1F5C2093523700AED4B8 /* HSJSonRequest.m */,
				DCA15F05209A8B0800B5F0DB /* HSWebAPI+RefreshToken.h */,
				DCA15F06209A8B0800B5F0DB /* HSWebAPI+RefreshToken.m */,
			);
			path = APIHandler;
			sourceTree = "<group>";
		};
		DCCA1E682092110E00AED4B8 /* Categories */ = {
			isa = PBXGroup;
			children = (
				DCCA1EC820934C2900AED4B8 /* NSData+CommonCrypto.h */,
				DCCA1EC920934C2A00AED4B8 /* NSData+CommonCrypto.m */,
				DCCA1EC520934BC100AED4B8 /* NSData+Helper.h */,
				DCCA1EC620934BC100AED4B8 /* NSData+Helper.m */,
				DCCA1EC220934B9900AED4B8 /* NSString+AES.h */,
				DCCA1EC320934B9A00AED4B8 /* NSString+AES.m */,
				DCCA1E6C209211C700AED4B8 /* NSString+Helper.h */,
				DCCA1E6D209211C700AED4B8 /* NSString+Helper.m */,
				DCCA1E692092110E00AED4B8 /* NSDictionary+Validation.h */,
				DCCA1E6A2092110E00AED4B8 /* NSDictionary+Validation.m */,
			);
			path = Categories;
			sourceTree = "<group>";
		};
		DCCA1E72209212AB00AED4B8 /* Utitlity */ = {
			isa = PBXGroup;
			children = (
				DCCA1EBF20934B7800AED4B8 /* NSData+AES.h */,
				DCCA1EC020934B7800AED4B8 /* NSData+AES.m */,
				DCCA1E7A2093014100AED4B8 /* HSAPIResponse+Utility.h */,
				DCCA1E7B2093014100AED4B8 /* HSAPIResponse+Utility.m */,
				DCCA1EAC20930A8600AED4B8 /* HSWebAPI+Helpers.h */,
				DCCA1EAD20930A8600AED4B8 /* HSWebAPI+Helpers.m */,
			);
			path = Utitlity;
			sourceTree = "<group>";
		};
		DCCA1ED120934F2200AED4B8 /* LoginAPI Handler */ = {
			isa = PBXGroup;
			children = (
				DCA15EFD209A3F0B00B5F0DB /* Model */,
				DCCA1ED220934F2200AED4B8 /* HSLoginAPI.h */,
				DCCA1ED320934F2200AED4B8 /* HSLoginAPI.m */,
				DCCA1ED420934F2200AED4B8 /* HSLoginResponse.h */,
				DCCA1ED520934F2200AED4B8 /* HSLoginResponse.m */,
			);
			path = "LoginAPI Handler";
			sourceTree = "<group>";
		};
		DCCA1EDB20934FF000AED4B8 /* LoadingIndicator */ = {
			isa = PBXGroup;
			children = (
				DCCA1EDC20934FF000AED4B8 /* HSLoadingIndicator.h */,
				DCCA1EDD20934FF000AED4B8 /* HSLoadingIndicator.m */,
				DCCA1EDE20934FF000AED4B8 /* HSLoadingView.h */,
				DCCA1EDF20934FF000AED4B8 /* HSLoadingView.m */,
				DCCA1EE020934FF000AED4B8 /* LoadingImages */,
			);
			path = LoadingIndicator;
			sourceTree = "<group>";
		};
		DCCA1EE020934FF000AED4B8 /* LoadingImages */ = {
			isa = PBXGroup;
			children = (
				DCCA1EE120934FF000AED4B8 /* loading_00000.png */,
				DCCA1EE220934FF000AED4B8 /* loading_00001.png */,
				DCCA1EE320934FF000AED4B8 /* loading_00002.png */,
				DCCA1EE420934FF000AED4B8 /* loading_00003.png */,
				DCCA1EE520934FF000AED4B8 /* loading_00004.png */,
				DCCA1EE620934FF000AED4B8 /* loading_00005.png */,
				DCCA1EE720934FF000AED4B8 /* loading_00006.png */,
				DCCA1EE820934FF000AED4B8 /* loading_00007.png */,
				DCCA1EE920934FF000AED4B8 /* loading_00008.png */,
				DCCA1EEA20934FF000AED4B8 /* loading_00009.png */,
				DCCA1EEB20934FF000AED4B8 /* loading_00010.png */,
				DCCA1EEC20934FF000AED4B8 /* loading_00011.png */,
				DCCA1EED20934FF000AED4B8 /* loading_00012.png */,
				DCCA1EEE20934FF000AED4B8 /* loading_00013.png */,
				DCCA1EEF20934FF000AED4B8 /* loading_00014.png */,
				DCCA1EF020934FF000AED4B8 /* loading_00015.png */,
				DCCA1EF120934FF000AED4B8 /* loading_00016.png */,
				DCCA1EF220934FF000AED4B8 /* loading_00017.png */,
				DCCA1EF320934FF000AED4B8 /* loading_00018.png */,
				DCCA1EF420934FF000AED4B8 /* loading_00019.png */,
				DCCA1EF520934FF000AED4B8 /* loading_00020.png */,
				DCCA1EF620934FF000AED4B8 /* loading_00021.png */,
				DCCA1EF720934FF000AED4B8 /* loading_00022.png */,
				DCCA1EF820934FF000AED4B8 /* loading_00023.png */,
				DCCA1EF920934FF000AED4B8 /* loading_00024.png */,
				DCCA1EFA20934FF000AED4B8 /* loading_00025.png */,
				DCCA1EFB20934FF000AED4B8 /* loading_00026.png */,
				DCCA1EFC20934FF000AED4B8 /* loading_00027.png */,
				DCCA1EFD20934FF000AED4B8 /* loading_00028.png */,
				DCCA1EFE20934FF000AED4B8 /* loading_00029.png */,
				DCCA1EFF20934FF000AED4B8 /* loading_00030.png */,
				DCCA1F0020934FF000AED4B8 /* loading_00031.png */,
				DCCA1F0120934FF000AED4B8 /* loading_00032.png */,
				DCCA1F0220934FF000AED4B8 /* loading_00033.png */,
				DCCA1F0320934FF000AED4B8 /* loading_00034.png */,
				DCCA1F0420934FF000AED4B8 /* loading_00035.png */,
				DCCA1F0520934FF000AED4B8 /* loading_00036.png */,
				DCCA1F0620934FF000AED4B8 /* loading_00037.png */,
				DCCA1F0720934FF000AED4B8 /* loading_00038.png */,
				DCCA1F0820934FF000AED4B8 /* loading_00039.png */,
				DCCA1F0920934FF000AED4B8 /* loading_00040.png */,
				DCCA1F0A20934FF000AED4B8 /* loading_00041.png */,
				DCCA1F0B20934FF000AED4B8 /* loading_00042.png */,
				DCCA1F0C20934FF000AED4B8 /* loading_00043.png */,
				DCCA1F0D20934FF000AED4B8 /* loading_00044.png */,
				DCCA1F0E20934FF000AED4B8 /* loading_00045.png */,
				DCCA1F0F20934FF000AED4B8 /* loading_00046.png */,
				DCCA1F1020934FF000AED4B8 /* loading_00047.png */,
				DCCA1F1120934FF000AED4B8 /* loading_00048.png */,
				DCCA1F1220934FF000AED4B8 /* loading_00049.png */,
				DCCA1F1320934FF000AED4B8 /* loading_00050.png */,
				DCCA1F1420934FF000AED4B8 /* loading_00051.png */,
				DCCA1F1520934FF000AED4B8 /* loading_00052.png */,
				DCCA1F1620934FF000AED4B8 /* loading_00053.png */,
				DCCA1F1720934FF000AED4B8 /* loading_00054.png */,
				DCCA1F1820934FF000AED4B8 /* loading_00055.png */,
				DCCA1F1920934FF000AED4B8 /* loading_00056.png */,
				DCCA1F1A20934FF000AED4B8 /* loading_00057.png */,
				DCCA1F1B20934FF000AED4B8 /* loading_00058.png */,
				DCCA1F1C20934FF000AED4B8 /* loading_00059.png */,
			);
			path = LoadingImages;
			sourceTree = "<group>";
		};
		DCCA1F5E2093648700AED4B8 /* Cache */ = {
			isa = PBXGroup;
			children = (
				DCC2ED5D2097436500534155 /* HSCacheManagerPrivate.h */,
				DCCA1F5F2093648700AED4B8 /* HSCacheManager.h */,
				DCCA1F602093648700AED4B8 /* HSCacheManager.m */,
			);
			path = Cache;
			sourceTree = "<group>";
		};
/* End PBXGroup section */

/* Begin PBXNativeTarget section */
		DC2EC7BD2091BCB10076FFDF /* HomeServiz */ = {
			isa = PBXNativeTarget;
			buildConfigurationList = DC2EC7EA2091BCB10076FFDF /* Build configuration list for PBXNativeTarget "HomeServiz" */;
			buildPhases = (
				4AF4650215093D3A21CA2FBD /* [CP] Check Pods Manifest.lock */,
				DC2EC7BA2091BCB10076FFDF /* Sources */,
				DC2EC7BB2091BCB10076FFDF /* Frameworks */,
				DC2EC7BC2091BCB10076FFDF /* Resources */,
				EDEE73F8D87F2B8A816BD0BB /* [CP] Embed Pods Frameworks */,
				2F42FB570CA3D0F840D03662 /* [CP] Copy Pods Resources */,
			);
			buildRules = (
			);
			dependencies = (
			);
			name = HomeServiz;
			productName = HomeServiz;
			productReference = DC2EC7BE2091BCB10076FFDF /* HomeServiz.app */;
			productType = "com.apple.product-type.application";
		};
		DC2EC7D52091BCB10076FFDF /* HomeServizTests */ = {
			isa = PBXNativeTarget;
			buildConfigurationList = DC2EC7ED2091BCB10076FFDF /* Build configuration list for PBXNativeTarget "HomeServizTests" */;
			buildPhases = (
				C61D1782657273FF6E46B588 /* [CP] Check Pods Manifest.lock */,
				DC2EC7D22091BCB10076FFDF /* Sources */,
				DC2EC7D32091BCB10076FFDF /* Frameworks */,
				DC2EC7D42091BCB10076FFDF /* Resources */,
				69DF418D6FE6815E7482407E /* [CP] Embed Pods Frameworks */,
				4A3A9896620985BA9DC62D70 /* [CP] Copy Pods Resources */,
			);
			buildRules = (
			);
			dependencies = (
				DC2EC7D82091BCB10076FFDF /* PBXTargetDependency */,
			);
			name = HomeServizTests;
			productName = HomeServizTests;
			productReference = DC2EC7D62091BCB10076FFDF /* HomeServizTests.xctest */;
			productType = "com.apple.product-type.bundle.unit-test";
		};
		DC2EC7E02091BCB10076FFDF /* HomeServizUITests */ = {
			isa = PBXNativeTarget;
			buildConfigurationList = DC2EC7F02091BCB10076FFDF /* Build configuration list for PBXNativeTarget "HomeServizUITests" */;
			buildPhases = (
				DC2EC7DD2091BCB10076FFDF /* Sources */,
				DC2EC7DE2091BCB10076FFDF /* Frameworks */,
				DC2EC7DF2091BCB10076FFDF /* Resources */,
			);
			buildRules = (
			);
			dependencies = (
				DC2EC7E32091BCB10076FFDF /* PBXTargetDependency */,
			);
			name = HomeServizUITests;
			productName = HomeServizUITests;
			productReference = DC2EC7E12091BCB10076FFDF /* HomeServizUITests.xctest */;
			productType = "com.apple.product-type.bundle.ui-testing";
		};
/* End PBXNativeTarget section */

/* Begin PBXProject section */
		DC2EC7B62091BCB10076FFDF /* Project object */ = {
			isa = PBXProject;
			attributes = {
				LastUpgradeCheck = 0920;
				ORGANIZATIONNAME = "Bheema Badri";
				TargetAttributes = {
					DC2EC7BD2091BCB10076FFDF = {
						CreatedOnToolsVersion = 9.2;
						ProvisioningStyle = Automatic;
					};
					DC2EC7D52091BCB10076FFDF = {
						CreatedOnToolsVersion = 9.2;
						ProvisioningStyle = Automatic;
						TestTargetID = DC2EC7BD2091BCB10076FFDF;
					};
					DC2EC7E02091BCB10076FFDF = {
						CreatedOnToolsVersion = 9.2;
						ProvisioningStyle = Automatic;
						TestTargetID = DC2EC7BD2091BCB10076FFDF;
					};
				};
			};
			buildConfigurationList = DC2EC7B92091BCB10076FFDF /* Build configuration list for PBXProject "HomeServiz" */;
			compatibilityVersion = "Xcode 8.0";
			developmentRegion = en;
			hasScannedForEncodings = 0;
			knownRegions = (
				en,
				Base,
			);
			mainGroup = DC2EC7B52091BCB10076FFDF;
			productRefGroup = DC2EC7BF2091BCB10076FFDF /* Products */;
			projectDirPath = "";
			projectRoot = "";
			targets = (
				DC2EC7BD2091BCB10076FFDF /* HomeServiz */,
				DC2EC7D52091BCB10076FFDF /* HomeServizTests */,
				DC2EC7E02091BCB10076FFDF /* HomeServizUITests */,
			);
		};
/* End PBXProject section */

/* Begin PBXResourcesBuildPhase section */
		DC2EC7BC2091BCB10076FFDF /* Resources */ = {
			isa = PBXResourcesBuildPhase;
			buildActionMask = 2147483647;
			files = (
				DC2EC7CE2091BCB10076FFDF /* LaunchScreen.storyboard in Resources */,
				DCCA1F4C20934FF000AED4B8 /* loading_00045.png in Resources */,
				DCCA1F2620934FF000AED4B8 /* loading_00007.png in Resources */,
				DCCA1F5620934FF000AED4B8 /* loading_00055.png in Resources */,
				DCCA1F4420934FF000AED4B8 /* loading_00037.png in Resources */,
				DCCA1F5520934FF000AED4B8 /* loading_00054.png in Resources */,
				DCCA1F4A20934FF000AED4B8 /* loading_00043.png in Resources */,
				DCCA1F3F20934FF000AED4B8 /* loading_00032.png in Resources */,
				DCCA1F2820934FF000AED4B8 /* loading_00009.png in Resources */,
				DCCA1F3520934FF000AED4B8 /* loading_00022.png in Resources */,
				DCCA1F5020934FF000AED4B8 /* loading_00049.png in Resources */,
				DCCA1F3E20934FF000AED4B8 /* loading_00031.png in Resources */,
				DCCA1F1F20934FF000AED4B8 /* loading_00000.png in Resources */,
				DCCA1F5420934FF000AED4B8 /* loading_00053.png in Resources */,
				DCCA1F3820934FF000AED4B8 /* loading_00025.png in Resources */,
				DCCA1F3120934FF000AED4B8 /* loading_00018.png in Resources */,
				DCCA1F2F20934FF000AED4B8 /* loading_00016.png in Resources */,
				DCCA1F3720934FF000AED4B8 /* loading_00024.png in Resources */,
				DCCA1F4620934FF000AED4B8 /* loading_00039.png in Resources */,
				DCCA1F4720934FF000AED4B8 /* loading_00040.png in Resources */,
				DCCA1F4820934FF000AED4B8 /* loading_00041.png in Resources */,
				DCCA1F4F20934FF000AED4B8 /* loading_00048.png in Resources */,
				DCCA1F2B20934FF000AED4B8 /* loading_00012.png in Resources */,
				DCCA1F3620934FF000AED4B8 /* loading_00023.png in Resources */,
				DCCA1F2420934FF000AED4B8 /* loading_00005.png in Resources */,
				DCCA1F3A20934FF000AED4B8 /* loading_00027.png in Resources */,
				DCCA1F5A20934FF000AED4B8 /* loading_00059.png in Resources */,
				DC2EC7CB2091BCB10076FFDF /* Assets.xcassets in Resources */,
				DCCA1F4020934FF000AED4B8 /* loading_00033.png in Resources */,
				DCCA1F2720934FF000AED4B8 /* loading_00008.png in Resources */,
				DCCA1F3220934FF000AED4B8 /* loading_00019.png in Resources */,
				DCCA1F3320934FF000AED4B8 /* loading_00020.png in Resources */,
				DCCA1F4120934FF000AED4B8 /* loading_00034.png in Resources */,
				DC2EC7C92091BCB10076FFDF /* Main.storyboard in Resources */,
				DCCA1F5820934FF000AED4B8 /* loading_00057.png in Resources */,
				DCCA1F2020934FF000AED4B8 /* loading_00001.png in Resources */,
				DCCA1F4220934FF000AED4B8 /* loading_00035.png in Resources */,
				DCCA1F3420934FF000AED4B8 /* loading_00021.png in Resources */,
				DCCA1F2E20934FF000AED4B8 /* loading_00015.png in Resources */,
				DCCA1F2320934FF000AED4B8 /* loading_00004.png in Resources */,
				DCCA1F2920934FF000AED4B8 /* loading_00010.png in Resources */,
				DCCA1F5920934FF000AED4B8 /* loading_00058.png in Resources */,
				DCCA1F2120934FF000AED4B8 /* loading_00002.png in Resources */,
				DCCA1F2C20934FF000AED4B8 /* loading_00013.png in Resources */,
				DCCA1F2D20934FF000AED4B8 /* loading_00014.png in Resources */,
				DCCA1F4520934FF000AED4B8 /* loading_00038.png in Resources */,
				DCCA1F5320934FF000AED4B8 /* loading_00052.png in Resources */,
				DCCA1F5720934FF000AED4B8 /* loading_00056.png in Resources */,
				DCCA1F3020934FF000AED4B8 /* loading_00017.png in Resources */,
				DCCA1F4D20934FF000AED4B8 /* loading_00046.png in Resources */,
				DCCA1F3B20934FF000AED4B8 /* loading_00028.png in Resources */,
				DCCA1F2220934FF000AED4B8 /* loading_00003.png in Resources */,
				DCCA1F5120934FF000AED4B8 /* loading_00050.png in Resources */,
				DCCA1F4320934FF000AED4B8 /* loading_00036.png in Resources */,
				DCCA1F4B20934FF000AED4B8 /* loading_00044.png in Resources */,
				DCCA1F3C20934FF000AED4B8 /* loading_00029.png in Resources */,
				DCCA1F2520934FF000AED4B8 /* loading_00006.png in Resources */,
				DCCA1F5220934FF000AED4B8 /* loading_00051.png in Resources */,
				DCCA1F2A20934FF000AED4B8 /* loading_00011.png in Resources */,
				DCCA1F4920934FF000AED4B8 /* loading_00042.png in Resources */,
				DCCA1F3D20934FF000AED4B8 /* loading_00030.png in Resources */,
				DCCA1F3920934FF000AED4B8 /* loading_00026.png in Resources */,
				DCCA1F4E20934FF000AED4B8 /* loading_00047.png in Resources */,
			);
			runOnlyForDeploymentPostprocessing = 0;
		};
		DC2EC7D42091BCB10076FFDF /* Resources */ = {
			isa = PBXResourcesBuildPhase;
			buildActionMask = 2147483647;
			files = (
			);
			runOnlyForDeploymentPostprocessing = 0;
		};
		DC2EC7DF2091BCB10076FFDF /* Resources */ = {
			isa = PBXResourcesBuildPhase;
			buildActionMask = 2147483647;
			files = (
			);
			runOnlyForDeploymentPostprocessing = 0;
		};
/* End PBXResourcesBuildPhase section */

/* Begin PBXShellScriptBuildPhase section */
		2F42FB570CA3D0F840D03662 /* [CP] Copy Pods Resources */ = {
			isa = PBXShellScriptBuildPhase;
			buildActionMask = 2147483647;
			files = (
			);
			inputPaths = (
			);
			name = "[CP] Copy Pods Resources";
			outputPaths = (
			);
			runOnlyForDeploymentPostprocessing = 0;
			shellPath = /bin/sh;
			shellScript = "\"${SRCROOT}/Pods/Target Support Files/Pods-HomeServiz/Pods-HomeServiz-resources.sh\"\n";
			showEnvVarsInLog = 0;
		};
		4A3A9896620985BA9DC62D70 /* [CP] Copy Pods Resources */ = {
			isa = PBXShellScriptBuildPhase;
			buildActionMask = 2147483647;
			files = (
			);
			inputPaths = (
			);
			name = "[CP] Copy Pods Resources";
			outputPaths = (
			);
			runOnlyForDeploymentPostprocessing = 0;
			shellPath = /bin/sh;
			shellScript = "\"${SRCROOT}/Pods/Target Support Files/Pods-HomeServizTests/Pods-HomeServizTests-resources.sh\"\n";
			showEnvVarsInLog = 0;
		};
		4AF4650215093D3A21CA2FBD /* [CP] Check Pods Manifest.lock */ = {
			isa = PBXShellScriptBuildPhase;
			buildActionMask = 2147483647;
			files = (
			);
			inputPaths = (
				"${PODS_PODFILE_DIR_PATH}/Podfile.lock",
				"${PODS_ROOT}/Manifest.lock",
			);
			name = "[CP] Check Pods Manifest.lock";
			outputPaths = (
				"$(DERIVED_FILE_DIR)/Pods-HomeServiz-checkManifestLockResult.txt",
			);
			runOnlyForDeploymentPostprocessing = 0;
			shellPath = /bin/sh;
			shellScript = "diff \"${PODS_PODFILE_DIR_PATH}/Podfile.lock\" \"${PODS_ROOT}/Manifest.lock\" > /dev/null\nif [ $? != 0 ] ; then\n    # print error to STDERR\n    echo \"error: The sandbox is not in sync with the Podfile.lock. Run 'pod install' or update your CocoaPods installation.\" >&2\n    exit 1\nfi\n# This output is used by Xcode 'outputs' to avoid re-running this script phase.\necho \"SUCCESS\" > \"${SCRIPT_OUTPUT_FILE_0}\"\n";
			showEnvVarsInLog = 0;
		};
		69DF418D6FE6815E7482407E /* [CP] Embed Pods Frameworks */ = {
			isa = PBXShellScriptBuildPhase;
			buildActionMask = 2147483647;
			files = (
			);
			inputPaths = (
			);
			name = "[CP] Embed Pods Frameworks";
			outputPaths = (
			);
			runOnlyForDeploymentPostprocessing = 0;
			shellPath = /bin/sh;
			shellScript = "\"${SRCROOT}/Pods/Target Support Files/Pods-HomeServizTests/Pods-HomeServizTests-frameworks.sh\"\n";
			showEnvVarsInLog = 0;
		};
		C61D1782657273FF6E46B588 /* [CP] Check Pods Manifest.lock */ = {
			isa = PBXShellScriptBuildPhase;
			buildActionMask = 2147483647;
			files = (
			);
			inputPaths = (
				"${PODS_PODFILE_DIR_PATH}/Podfile.lock",
				"${PODS_ROOT}/Manifest.lock",
			);
			name = "[CP] Check Pods Manifest.lock";
			outputPaths = (
				"$(DERIVED_FILE_DIR)/Pods-HomeServizTests-checkManifestLockResult.txt",
			);
			runOnlyForDeploymentPostprocessing = 0;
			shellPath = /bin/sh;
			shellScript = "diff \"${PODS_PODFILE_DIR_PATH}/Podfile.lock\" \"${PODS_ROOT}/Manifest.lock\" > /dev/null\nif [ $? != 0 ] ; then\n    # print error to STDERR\n    echo \"error: The sandbox is not in sync with the Podfile.lock. Run 'pod install' or update your CocoaPods installation.\" >&2\n    exit 1\nfi\n# This output is used by Xcode 'outputs' to avoid re-running this script phase.\necho \"SUCCESS\" > \"${SCRIPT_OUTPUT_FILE_0}\"\n";
			showEnvVarsInLog = 0;
		};
		EDEE73F8D87F2B8A816BD0BB /* [CP] Embed Pods Frameworks */ = {
			isa = PBXShellScriptBuildPhase;
			buildActionMask = 2147483647;
			files = (
			);
			inputPaths = (
			);
			name = "[CP] Embed Pods Frameworks";
			outputPaths = (
			);
			runOnlyForDeploymentPostprocessing = 0;
			shellPath = /bin/sh;
			shellScript = "\"${SRCROOT}/Pods/Target Support Files/Pods-HomeServiz/Pods-HomeServiz-frameworks.sh\"\n";
			showEnvVarsInLog = 0;
		};
/* End PBXShellScriptBuildPhase section */

/* Begin PBXSourcesBuildPhase section */
		DC2EC7BA2091BCB10076FFDF /* Sources */ = {
			isa = PBXSourcesBuildPhase;
			buildActionMask = 2147483647;
			files = (
				DCCA1F5D2093523700AED4B8 /* HSJSonRequest.m in Sources */,
				DC2EC7C62091BCB10076FFDF /* ViewController.m in Sources */,
				DCCA1EB720930D8500AED4B8 /* HSTask.m in Sources */,
				DCCA1ECA20934C2A00AED4B8 /* NSData+CommonCrypto.m in Sources */,
				DCCA1F1D20934FF000AED4B8 /* HSLoadingIndicator.m in Sources */,
				DCCA1ED720934F2200AED4B8 /* HSLoginResponse.m in Sources */,
				DCCA1F622093648700AED4B8 /* HSCacheManager.m in Sources */,
				DCCA1EAE20930A8600AED4B8 /* HSWebAPI+Helpers.m in Sources */,
				DCA15F00209A3F2B00B5F0DB /* UserModel.m in Sources */,
				DC2EC7D12091BCB10076FFDF /* main.m in Sources */,
				DCCA1E672092101500AED4B8 /* HSRequest.m in Sources */,
				DCCA1EC420934B9A00AED4B8 /* NSString+AES.m in Sources */,
				DCCA1EC720934BC200AED4B8 /* NSData+Helper.m in Sources */,
				DCCA1ED620934F2200AED4B8 /* HSLoginAPI.m in Sources */,
				DCCA1EC120934B7800AED4B8 /* NSData+AES.m in Sources */,
				DCCA1E7C2093014100AED4B8 /* HSAPIResponse+Utility.m in Sources */,
				DCCA1F1E20934FF000AED4B8 /* HSLoadingView.m in Sources */,
				DCCA1E642092100200AED4B8 /* HSResult.m in Sources */,
				DCCA1EBE20933C7500AED4B8 /* HSRequestSignature.m in Sources */,
				DCCA1E712092121900AED4B8 /* HSAPIResponse.m in Sources */,
				DCCA1E6B2092110E00AED4B8 /* NSDictionary+Validation.m in Sources */,
				DCA15F10209A983B00B5F0DB /* HSOTPViewController.m in Sources */,
				DC2EC7C32091BCB10076FFDF /* AppDelegate.m in Sources */,
				DCCA1E6120920F1200AED4B8 /* HSWebAPI.m in Sources */,
				DCCA1E6E209211C700AED4B8 /* NSString+Helper.m in Sources */,
				DCA15F07209A8B0800B5F0DB /* HSWebAPI+RefreshToken.m in Sources */,
				DCCA1EDA20934FA300AED4B8 /* BaseViewController.m in Sources */,
				DCCA1EBB20930EB400AED4B8 /* HSThreadSafeMap.m in Sources */,
			);
			runOnlyForDeploymentPostprocessing = 0;
		};
		DC2EC7D22091BCB10076FFDF /* Sources */ = {
			isa = PBXSourcesBuildPhase;
			buildActionMask = 2147483647;
			files = (
				DC2EC7DB2091BCB10076FFDF /* HomeServizTests.m in Sources */,
			);
			runOnlyForDeploymentPostprocessing = 0;
		};
		DC2EC7DD2091BCB10076FFDF /* Sources */ = {
			isa = PBXSourcesBuildPhase;
			buildActionMask = 2147483647;
			files = (
				DC2EC7E62091BCB10076FFDF /* HomeServizUITests.m in Sources */,
			);
			runOnlyForDeploymentPostprocessing = 0;
		};
/* End PBXSourcesBuildPhase section */

/* Begin PBXTargetDependency section */
		DC2EC7D82091BCB10076FFDF /* PBXTargetDependency */ = {
			isa = PBXTargetDependency;
			target = DC2EC7BD2091BCB10076FFDF /* HomeServiz */;
			targetProxy = DC2EC7D72091BCB10076FFDF /* PBXContainerItemProxy */;
		};
		DC2EC7E32091BCB10076FFDF /* PBXTargetDependency */ = {
			isa = PBXTargetDependency;
			target = DC2EC7BD2091BCB10076FFDF /* HomeServiz */;
			targetProxy = DC2EC7E22091BCB10076FFDF /* PBXContainerItemProxy */;
		};
/* End PBXTargetDependency section */

/* Begin PBXVariantGroup section */
		DC2EC7C72091BCB10076FFDF /* Main.storyboard */ = {
			isa = PBXVariantGroup;
			children = (
				DC2EC7C82091BCB10076FFDF /* Base */,
			);
			name = Main.storyboard;
			sourceTree = "<group>";
		};
		DC2EC7CC2091BCB10076FFDF /* LaunchScreen.storyboard */ = {
			isa = PBXVariantGroup;
			children = (
				DC2EC7CD2091BCB10076FFDF /* Base */,
			);
			name = LaunchScreen.storyboard;
			sourceTree = "<group>";
		};
/* End PBXVariantGroup section */

/* Begin XCBuildConfiguration section */
		DC2EC7E82091BCB10076FFDF /* Debug */ = {
			isa = XCBuildConfiguration;
			buildSettings = {
				ALWAYS_SEARCH_USER_PATHS = NO;
				CLANG_ANALYZER_NONNULL = YES;
				CLANG_ANALYZER_NUMBER_OBJECT_CONVERSION = YES_AGGRESSIVE;
				CLANG_CXX_LANGUAGE_STANDARD = "gnu++14";
				CLANG_CXX_LIBRARY = "libc++";
				CLANG_ENABLE_MODULES = YES;
				CLANG_ENABLE_OBJC_ARC = YES;
				CLANG_WARN_BLOCK_CAPTURE_AUTORELEASING = YES;
				CLANG_WARN_BOOL_CONVERSION = YES;
				CLANG_WARN_COMMA = YES;
				CLANG_WARN_CONSTANT_CONVERSION = YES;
				CLANG_WARN_DIRECT_OBJC_ISA_USAGE = YES_ERROR;
				CLANG_WARN_DOCUMENTATION_COMMENTS = YES;
				CLANG_WARN_EMPTY_BODY = YES;
				CLANG_WARN_ENUM_CONVERSION = YES;
				CLANG_WARN_INFINITE_RECURSION = YES;
				CLANG_WARN_INT_CONVERSION = YES;
				CLANG_WARN_NON_LITERAL_NULL_CONVERSION = YES;
				CLANG_WARN_OBJC_LITERAL_CONVERSION = YES;
				CLANG_WARN_OBJC_ROOT_CLASS = YES_ERROR;
				CLANG_WARN_RANGE_LOOP_ANALYSIS = YES;
				CLANG_WARN_STRICT_PROTOTYPES = YES;
				CLANG_WARN_SUSPICIOUS_MOVE = YES;
				CLANG_WARN_UNGUARDED_AVAILABILITY = YES_AGGRESSIVE;
				CLANG_WARN_UNREACHABLE_CODE = YES;
				CLANG_WARN__DUPLICATE_METHOD_MATCH = YES;
				CODE_SIGN_IDENTITY = "iPhone Developer";
				COPY_PHASE_STRIP = NO;
				DEBUG_INFORMATION_FORMAT = dwarf;
				ENABLE_STRICT_OBJC_MSGSEND = YES;
				ENABLE_TESTABILITY = YES;
				GCC_C_LANGUAGE_STANDARD = gnu11;
				GCC_DYNAMIC_NO_PIC = NO;
				GCC_NO_COMMON_BLOCKS = YES;
				GCC_OPTIMIZATION_LEVEL = 0;
				GCC_PREPROCESSOR_DEFINITIONS = (
					"DEBUG=1",
					"$(inherited)",
				);
				GCC_WARN_64_TO_32_BIT_CONVERSION = YES;
				GCC_WARN_ABOUT_RETURN_TYPE = YES_ERROR;
				GCC_WARN_UNDECLARED_SELECTOR = YES;
				GCC_WARN_UNINITIALIZED_AUTOS = YES_AGGRESSIVE;
				GCC_WARN_UNUSED_FUNCTION = YES;
				GCC_WARN_UNUSED_VARIABLE = YES;
				IPHONEOS_DEPLOYMENT_TARGET = 11.2;
				MTL_ENABLE_DEBUG_INFO = YES;
				ONLY_ACTIVE_ARCH = YES;
				SDKROOT = iphoneos;
			};
			name = Debug;
		};
		DC2EC7E92091BCB10076FFDF /* Release */ = {
			isa = XCBuildConfiguration;
			buildSettings = {
				ALWAYS_SEARCH_USER_PATHS = NO;
				CLANG_ANALYZER_NONNULL = YES;
				CLANG_ANALYZER_NUMBER_OBJECT_CONVERSION = YES_AGGRESSIVE;
				CLANG_CXX_LANGUAGE_STANDARD = "gnu++14";
				CLANG_CXX_LIBRARY = "libc++";
				CLANG_ENABLE_MODULES = YES;
				CLANG_ENABLE_OBJC_ARC = YES;
				CLANG_WARN_BLOCK_CAPTURE_AUTORELEASING = YES;
				CLANG_WARN_BOOL_CONVERSION = YES;
				CLANG_WARN_COMMA = YES;
				CLANG_WARN_CONSTANT_CONVERSION = YES;
				CLANG_WARN_DIRECT_OBJC_ISA_USAGE = YES_ERROR;
				CLANG_WARN_DOCUMENTATION_COMMENTS = YES;
				CLANG_WARN_EMPTY_BODY = YES;
				CLANG_WARN_ENUM_CONVERSION = YES;
				CLANG_WARN_INFINITE_RECURSION = YES;
				CLANG_WARN_INT_CONVERSION = YES;
				CLANG_WARN_NON_LITERAL_NULL_CONVERSION = YES;
				CLANG_WARN_OBJC_LITERAL_CONVERSION = YES;
				CLANG_WARN_OBJC_ROOT_CLASS = YES_ERROR;
				CLANG_WARN_RANGE_LOOP_ANALYSIS = YES;
				CLANG_WARN_STRICT_PROTOTYPES = YES;
				CLANG_WARN_SUSPICIOUS_MOVE = YES;
				CLANG_WARN_UNGUARDED_AVAILABILITY = YES_AGGRESSIVE;
				CLANG_WARN_UNREACHABLE_CODE = YES;
				CLANG_WARN__DUPLICATE_METHOD_MATCH = YES;
				CODE_SIGN_IDENTITY = "iPhone Developer";
				COPY_PHASE_STRIP = NO;
				DEBUG_INFORMATION_FORMAT = "dwarf-with-dsym";
				ENABLE_NS_ASSERTIONS = NO;
				ENABLE_STRICT_OBJC_MSGSEND = YES;
				GCC_C_LANGUAGE_STANDARD = gnu11;
				GCC_NO_COMMON_BLOCKS = YES;
				GCC_WARN_64_TO_32_BIT_CONVERSION = YES;
				GCC_WARN_ABOUT_RETURN_TYPE = YES_ERROR;
				GCC_WARN_UNDECLARED_SELECTOR = YES;
				GCC_WARN_UNINITIALIZED_AUTOS = YES_AGGRESSIVE;
				GCC_WARN_UNUSED_FUNCTION = YES;
				GCC_WARN_UNUSED_VARIABLE = YES;
				IPHONEOS_DEPLOYMENT_TARGET = 11.2;
				MTL_ENABLE_DEBUG_INFO = NO;
				SDKROOT = iphoneos;
				VALIDATE_PRODUCT = YES;
			};
			name = Release;
		};
		DC2EC7EB2091BCB10076FFDF /* Debug */ = {
			isa = XCBuildConfiguration;
			baseConfigurationReference = 13B9511EF3AC401DC0A0A888 /* Pods-HomeServiz.debug.xcconfig */;
			buildSettings = {
				ASSETCATALOG_COMPILER_APPICON_NAME = AppIcon;
				CODE_SIGN_STYLE = Automatic;
				DEVELOPMENT_TEAM = DVME53YW5T;
				INFOPLIST_FILE = HomeServiz/Info.plist;
				IPHONEOS_DEPLOYMENT_TARGET = 10.3;
				LD_RUNPATH_SEARCH_PATHS = "$(inherited) @executable_path/Frameworks";
				PRODUCT_BUNDLE_IDENTIFIER = com.sample.HomeServiz;
				PRODUCT_NAME = "$(TARGET_NAME)";
				TARGETED_DEVICE_FAMILY = "1,2";
			};
			name = Debug;
		};
		DC2EC7EC2091BCB10076FFDF /* Release */ = {
			isa = XCBuildConfiguration;
			baseConfigurationReference = B288C5F37C55DC486EBA8D23 /* Pods-HomeServiz.release.xcconfig */;
			buildSettings = {
				ASSETCATALOG_COMPILER_APPICON_NAME = AppIcon;
				CODE_SIGN_STYLE = Automatic;
				DEVELOPMENT_TEAM = DVME53YW5T;
				INFOPLIST_FILE = HomeServiz/Info.plist;
				IPHONEOS_DEPLOYMENT_TARGET = 10.3;
				LD_RUNPATH_SEARCH_PATHS = "$(inherited) @executable_path/Frameworks";
				PRODUCT_BUNDLE_IDENTIFIER = com.sample.HomeServiz;
				PRODUCT_NAME = "$(TARGET_NAME)";
				TARGETED_DEVICE_FAMILY = "1,2";
			};
			name = Release;
		};
		DC2EC7EE2091BCB10076FFDF /* Debug */ = {
			isa = XCBuildConfiguration;
			baseConfigurationReference = C3468F6CF0D28342195B9787 /* Pods-HomeServizTests.debug.xcconfig */;
			buildSettings = {
				BUNDLE_LOADER = "$(TEST_HOST)";
				CODE_SIGN_STYLE = Automatic;
				DEVELOPMENT_TEAM = DVME53YW5T;
				INFOPLIST_FILE = HomeServizTests/Info.plist;
				LD_RUNPATH_SEARCH_PATHS = "$(inherited) @executable_path/Frameworks @loader_path/Frameworks";
				PRODUCT_BUNDLE_IDENTIFIER = com.sample.HomeServizTests;
				PRODUCT_NAME = "$(TARGET_NAME)";
				TARGETED_DEVICE_FAMILY = "1,2";
				TEST_HOST = "$(BUILT_PRODUCTS_DIR)/HomeServiz.app/HomeServiz";
			};
			name = Debug;
		};
		DC2EC7EF2091BCB10076FFDF /* Release */ = {
			isa = XCBuildConfiguration;
			baseConfigurationReference = 07A7C47030D029D243034EA8 /* Pods-HomeServizTests.release.xcconfig */;
			buildSettings = {
				BUNDLE_LOADER = "$(TEST_HOST)";
				CODE_SIGN_STYLE = Automatic;
				DEVELOPMENT_TEAM = DVME53YW5T;
				INFOPLIST_FILE = HomeServizTests/Info.plist;
				LD_RUNPATH_SEARCH_PATHS = "$(inherited) @executable_path/Frameworks @loader_path/Frameworks";
				PRODUCT_BUNDLE_IDENTIFIER = com.sample.HomeServizTests;
				PRODUCT_NAME = "$(TARGET_NAME)";
				TARGETED_DEVICE_FAMILY = "1,2";
				TEST_HOST = "$(BUILT_PRODUCTS_DIR)/HomeServiz.app/HomeServiz";
			};
			name = Release;
		};
		DC2EC7F12091BCB10076FFDF /* Debug */ = {
			isa = XCBuildConfiguration;
			buildSettings = {
				CODE_SIGN_STYLE = Automatic;
				DEVELOPMENT_TEAM = DVME53YW5T;
				INFOPLIST_FILE = HomeServizUITests/Info.plist;
				LD_RUNPATH_SEARCH_PATHS = "$(inherited) @executable_path/Frameworks @loader_path/Frameworks";
				PRODUCT_BUNDLE_IDENTIFIER = com.sample.HomeServizUITests;
				PRODUCT_NAME = "$(TARGET_NAME)";
				TARGETED_DEVICE_FAMILY = "1,2";
				TEST_TARGET_NAME = HomeServiz;
			};
			name = Debug;
		};
		DC2EC7F22091BCB10076FFDF /* Release */ = {
			isa = XCBuildConfiguration;
			buildSettings = {
				CODE_SIGN_STYLE = Automatic;
				DEVELOPMENT_TEAM = DVME53YW5T;
				INFOPLIST_FILE = HomeServizUITests/Info.plist;
				LD_RUNPATH_SEARCH_PATHS = "$(inherited) @executable_path/Frameworks @loader_path/Frameworks";
				PRODUCT_BUNDLE_IDENTIFIER = com.sample.HomeServizUITests;
				PRODUCT_NAME = "$(TARGET_NAME)";
				TARGETED_DEVICE_FAMILY = "1,2";
				TEST_TARGET_NAME = HomeServiz;
			};
			name = Release;
		};
/* End XCBuildConfiguration section */

/* Begin XCConfigurationList section */
		DC2EC7B92091BCB10076FFDF /* Build configuration list for PBXProject "HomeServiz" */ = {
			isa = XCConfigurationList;
			buildConfigurations = (
				DC2EC7E82091BCB10076FFDF /* Debug */,
				DC2EC7E92091BCB10076FFDF /* Release */,
			);
			defaultConfigurationIsVisible = 0;
			defaultConfigurationName = Release;
		};
		DC2EC7EA2091BCB10076FFDF /* Build configuration list for PBXNativeTarget "HomeServiz" */ = {
			isa = XCConfigurationList;
			buildConfigurations = (
				DC2EC7EB2091BCB10076FFDF /* Debug */,
				DC2EC7EC2091BCB10076FFDF /* Release */,
			);
			defaultConfigurationIsVisible = 0;
			defaultConfigurationName = Release;
		};
		DC2EC7ED2091BCB10076FFDF /* Build configuration list for PBXNativeTarget "HomeServizTests" */ = {
			isa = XCConfigurationList;
			buildConfigurations = (
				DC2EC7EE2091BCB10076FFDF /* Debug */,
				DC2EC7EF2091BCB10076FFDF /* Release */,
			);
			defaultConfigurationIsVisible = 0;
			defaultConfigurationName = Release;
		};
		DC2EC7F02091BCB10076FFDF /* Build configuration list for PBXNativeTarget "HomeServizUITests" */ = {
			isa = XCConfigurationList;
			buildConfigurations = (
				DC2EC7F12091BCB10076FFDF /* Debug */,
				DC2EC7F22091BCB10076FFDF /* Release */,
			);
			defaultConfigurationIsVisible = 0;
			defaultConfigurationName = Release;
		};
/* End XCConfigurationList section */
	};
	rootObject = DC2EC7B62091BCB10076FFDF /* Project object */;
}
